
Microsoft Visual Studio Solution File, Format Version 12.00
# Visual Studio Version 17
VisualStudioVersion = 17.4.33213.308
MinimumVisualStudioVersion = 10.0.40219.1
Project("{FAE04EC0-301F-11D3-BF4B-00C04F79EFBC}") = "BinarySearchDemo", "BinarySearchDemo\BinarySearchDemo.csproj", "{D3061371-EBB2-434C-BB6D-125A69DD4B3C}"
EndProject
Global
	GlobalSection(SolutionConfigurationPlatforms) = preSolution
		Debug|Any CPU = Debug|Any CPU
		Release|Any CPU = Release|Any CPU
	EndGlobalSection
	GlobalSection(ProjectConfigurationPlatforms) = postSolution
		{D3061371-EBB2-434C-BB6D-125A69DD4B3C}.Debug|Any CPU.ActiveCfg = Debug|Any CPU
		{D3061371-EBB2-434C-BB6D-125A69DD4B3C}.Debug|Any CPU.Build.0 = Debug|Any CPU
		{D3061371-EBB2-434C-BB6D-125A69DD4B3C}.Release|Any CPU.ActiveCfg = Release|Any CPU
		{D3061371-EBB2-434C-BB6D-125A69DD4B3C}.Release|Any CPU.Build.0 = Release|Any CPU
	EndGlobalSection
	GlobalSection(SolutionProperties) = preSolution
		HideSolutionNode = FALSE
	EndGlobalSection
	GlobalSection(ExtensibilityGlobals) = postSolution
		SolutionGuid = {4D0B2B0E-835A-408A-981A-175E9578C99B}
	EndGlobalSection
EndGlobal
